
Microsoft Visual Studio Solution File, Format Version 12.00
# Visual Studio Version 17
VisualStudioVersion = 17.4.33205.214
MinimumVisualStudioVersion = 10.0.40219.1
Project("{8BC9CEB8-8B4A-11D0-8D11-00A0C91BC942}") = "laba8", "laba8.vcxproj", "{76363ED8-BFAE-454B-A43A-7BB0F3B66C8F}"
EndProject
Global
	GlobalSection(SolutionConfigurationPlatforms) = preSolution
		Debug|x64 = Debug|x64
		Debug|x86 = Debug|x86
		Release|x64 = Release|x64
		Release|x86 = Release|x86
	EndGlobalSection
	GlobalSection(ProjectConfigurationPlatforms) = postSolution
		{76363ED8-BFAE-454B-A43A-7BB0F3B66C8F}.Debug|x64.ActiveCfg = Debug|x64
		{76363ED8-BFAE-454B-A43A-7BB0F3B66C8F}.Debug|x64.Build.0 = Debug|x64
		{76363ED8-BFAE-454B-A43A-7BB0F3B66C8F}.Debug|x86.ActiveCfg = Debug|Win32
		{76363ED8-BFAE-454B-A43A-7BB0F3B66C8F}.Debug|x86.Build.0 = Debug|Win32
		{76363ED8-BFAE-454B-A43A-7BB0F3B66C8F}.Release|x64.ActiveCfg = Release|x64
		{76363ED8-BFAE-454B-A43A-7BB0F3B66C8F}.Release|x64.Build.0 = Release|x64
		{76363ED8-BFAE-454B-A43A-7BB0F3B66C8F}.Release|x86.ActiveCfg = Release|Win32
		{76363ED8-BFAE-454B-A43A-7BB0F3B66C8F}.Release|x86.Build.0 = Release|Win32
	EndGlobalSection
	GlobalSection(SolutionProperties) = preSolution
		HideSolutionNode = FALSE
	EndGlobalSection
	GlobalSection(ExtensibilityGlobals) = postSolution
		SolutionGuid = {1BB7CBD4-F762-45AF-B377-2E266F54DF83}
	EndGlobalSection
EndGlobal
